
Microsoft Visual Studio Solution File, Format Version 12.00
# Visual Studio Version 17
VisualStudioVersion = 17.2.32630.192
MinimumVisualStudioVersion = 10.0.40219.1
Project("{FAE04EC0-301F-11D3-BF4B-00C04F79EFBC}") = "TwitterApiDotNet", "TwitterApiDotNet\TwitterApiDotNet.csproj", "{776BF826-27F9-4159-8DC5-B06912CA19CD}"
EndProject
Global
	GlobalSection(SolutionConfigurationPlatforms) = preSolution
		Debug|Any CPU = Debug|Any CPU
		Release|Any CPU = Release|Any CPU
	EndGlobalSection
	GlobalSection(ProjectConfigurationPlatforms) = postSolution
		{776BF826-27F9-4159-8DC5-B06912CA19CD}.Debug|Any CPU.ActiveCfg = Debug|Any CPU
		{776BF826-27F9-4159-8DC5-B06912CA19CD}.Debug|Any CPU.Build.0 = Debug|Any CPU
		{776BF826-27F9-4159-8DC5-B06912CA19CD}.Release|Any CPU.ActiveCfg = Release|Any CPU
		{776BF826-27F9-4159-8DC5-B06912CA19CD}.Release|Any CPU.Build.0 = Release|Any CPU
	EndGlobalSection
	GlobalSection(SolutionProperties) = preSolution
		HideSolutionNode = FALSE
	EndGlobalSection
	GlobalSection(ExtensibilityGlobals) = postSolution
		SolutionGuid = {353040E8-0B6C-4DB0-AB5A-76DB4B962BF2}
	EndGlobalSection
EndGlobal
